
Microsoft Visual Studio Solution File, Format Version 12.00
# Visual Studio 14
VisualStudioVersion = 14.0.25420.1
MinimumVisualStudioVersion = 10.0.40219.1
Project("{54435603-DBB4-11D2-8724-00A0C9A8B90C}") = "wolfkill", "wolfkill\wolfkill.vdproj", "{78EF933E-D4C2-48DE-89BF-1A9047E6FD5E}"
EndProject
Global
	GlobalSection(SolutionConfigurationPlatforms) = preSolution
		Debug|Default = Debug|Default
		Release|Default = Release|Default
	EndGlobalSection
	GlobalSection(ProjectConfigurationPlatforms) = postSolution
		{78EF933E-D4C2-48DE-89BF-1A9047E6FD5E}.Debug|Default.ActiveCfg = Debug
		{78EF933E-D4C2-48DE-89BF-1A9047E6FD5E}.Debug|Default.Build.0 = Debug
		{78EF933E-D4C2-48DE-89BF-1A9047E6FD5E}.Release|Default.ActiveCfg = Release
		{78EF933E-D4C2-48DE-89BF-1A9047E6FD5E}.Release|Default.Build.0 = Release
	EndGlobalSection
	GlobalSection(SolutionProperties) = preSolution
		HideSolutionNode = FALSE
	EndGlobalSection
EndGlobal
